
Microsoft Visual Studio Solution File, Format Version 12.00
# Visual Studio 2012
Project("{FAE04EC0-301F-11D3-BF4B-00C04F79EFBC}") = "Delegation", "Delegation.csproj", "{510081FF-840A-46A8-A9C6-7F3A840047EB}"
EndProject
Global
	GlobalSection(SolutionConfigurationPlatforms) = preSolution
		Debug|Any CPU = Debug|Any CPU
		Release|Any CPU = Release|Any CPU
	EndGlobalSection
	GlobalSection(ProjectConfigurationPlatforms) = postSolution
		{510081FF-840A-46A8-A9C6-7F3A840047EB}.Debug|Any CPU.ActiveCfg = Debug|Any CPU
		{510081FF-840A-46A8-A9C6-7F3A840047EB}.Debug|Any CPU.Build.0 = Debug|Any CPU
		{510081FF-840A-46A8-A9C6-7F3A840047EB}.Release|Any CPU.ActiveCfg = Release|Any CPU
		{510081FF-840A-46A8-A9C6-7F3A840047EB}.Release|Any CPU.Build.0 = Release|Any CPU
	EndGlobalSection
EndGlobal
