
Microsoft Visual Studio Solution File, Format Version 12.00
# Visual Studio 2012
Project("{FAE04EC0-301F-11D3-BF4B-00C04F79EFBC}") = "KeyboardDismissal", "KeyboardDismissal.csproj", "{7C1E0857-2B39-4048-B687-199234909190}"
EndProject
Global
	GlobalSection(SolutionConfigurationPlatforms) = preSolution
		Debug|Any CPU = Debug|Any CPU
		Release|Any CPU = Release|Any CPU
	EndGlobalSection
	GlobalSection(ProjectConfigurationPlatforms) = postSolution
		{7C1E0857-2B39-4048-B687-199234909190}.Debug|Any CPU.ActiveCfg = Debug|Any CPU
		{7C1E0857-2B39-4048-B687-199234909190}.Debug|Any CPU.Build.0 = Debug|Any CPU
		{7C1E0857-2B39-4048-B687-199234909190}.Release|Any CPU.ActiveCfg = Release|Any CPU
		{7C1E0857-2B39-4048-B687-199234909190}.Release|Any CPU.Build.0 = Release|Any CPU
	EndGlobalSection
EndGlobal
